
Microsoft Visual Studio Solution File, Format Version 12.00
# Visual Studio Version 16
VisualStudioVersion = 16.0.28822.285
MinimumVisualStudioVersion = 10.0.40219.1
Project("{9A19103F-16F7-4668-BE54-9A1E7A4F7556}") = "AirBNB", "AirBNB.csproj", "{02BDCE17-8D22-48CB-92AF-E621254E529B}"
EndProject
Global
	GlobalSection(SolutionConfigurationPlatforms) = preSolution
		Debug|Any CPU = Debug|Any CPU
		Release|Any CPU = Release|Any CPU
	EndGlobalSection
	GlobalSection(ProjectConfigurationPlatforms) = postSolution
		{02BDCE17-8D22-48CB-92AF-E621254E529B}.Debug|Any CPU.ActiveCfg = Debug|Any CPU
		{02BDCE17-8D22-48CB-92AF-E621254E529B}.Debug|Any CPU.Build.0 = Debug|Any CPU
		{02BDCE17-8D22-48CB-92AF-E621254E529B}.Release|Any CPU.ActiveCfg = Release|Any CPU
		{02BDCE17-8D22-48CB-92AF-E621254E529B}.Release|Any CPU.Build.0 = Release|Any CPU
	EndGlobalSection
	GlobalSection(SolutionProperties) = preSolution
		HideSolutionNode = FALSE
	EndGlobalSection
	GlobalSection(ExtensibilityGlobals) = postSolution
		SolutionGuid = {1A15A3C3-5ED9-43CF-BEB0-95AF23956F34}
	EndGlobalSection
EndGlobal
